
Microsoft Visual Studio Solution File, Format Version 12.00
# Visual Studio Version 17
VisualStudioVersion = 17.2.32616.157
MinimumVisualStudioVersion = 10.0.40219.1
Project("{FAE04EC0-301F-11D3-BF4B-00C04F79EFBC}") = "TeachQuoteWeb", "TeachQuoteWeb\TeachQuoteWeb.csproj", "{12DDF45D-C382-4F92-B38C-4EA85566E15B}"
EndProject
Global
	GlobalSection(SolutionConfigurationPlatforms) = preSolution
		Debug|Any CPU = Debug|Any CPU
		Release|Any CPU = Release|Any CPU
	EndGlobalSection
	GlobalSection(ProjectConfigurationPlatforms) = postSolution
		{12DDF45D-C382-4F92-B38C-4EA85566E15B}.Debug|Any CPU.ActiveCfg = Debug|Any CPU
		{12DDF45D-C382-4F92-B38C-4EA85566E15B}.Debug|Any CPU.Build.0 = Debug|Any CPU
		{12DDF45D-C382-4F92-B38C-4EA85566E15B}.Release|Any CPU.ActiveCfg = Release|Any CPU
		{12DDF45D-C382-4F92-B38C-4EA85566E15B}.Release|Any CPU.Build.0 = Release|Any CPU
	EndGlobalSection
	GlobalSection(SolutionProperties) = preSolution
		HideSolutionNode = FALSE
	EndGlobalSection
	GlobalSection(ExtensibilityGlobals) = postSolution
		SolutionGuid = {E615E487-E740-4543-A6CB-19B2EDAD6AA4}
	EndGlobalSection
EndGlobal
